// !$*UTF8*$!
{
	archiveVersion = 1;
	classes = {
	};
	objectVersion = 46;
	objects = {

/* Begin PBXBuildFile section */
		6B43A39A1DEEB65A00591BD3 /* NetworkTools.swift in Sources */ = {isa = PBXBuildFile; fileRef = 6B43A3991DEEB65A00591BD3 /* NetworkTools.swift */; };
		6B43A3CC1DEEC01000591BD3 /* RecommendViewModel.swift in Sources */ = {isa = PBXBuildFile; fileRef = 6B43A3CB1DEEC01000591BD3 /* RecommendViewModel.swift */; };
		6B43A3CE1DEEC30000591BD3 /* NSDate-Extension.swift in Sources */ = {isa = PBXBuildFile; fileRef = 6B43A3CD1DEEC30000591BD3 /* NSDate-Extension.swift */; };
		6B43A3D01DEEC6A400591BD3 /* AnchorGroup.swift in Sources */ = {isa = PBXBuildFile; fileRef = 6B43A3CF1DEEC6A400591BD3 /* AnchorGroup.swift */; };
		6B43A3D21DEEC74000591BD3 /* AnchorModel.swift in Sources */ = {isa = PBXBuildFile; fileRef = 6B43A3D11DEEC74000591BD3 /* AnchorModel.swift */; };
		6B43A3D41DEECDB300591BD3 /* GameBaseModel.swift in Sources */ = {isa = PBXBuildFile; fileRef = 6B43A3D31DEECDB300591BD3 /* GameBaseModel.swift */; };
		6B43A3D71DEED32300591BD3 /* CollectionHeaderView.swift in Sources */ = {isa = PBXBuildFile; fileRef = 6B43A3D51DEED32300591BD3 /* CollectionHeaderView.swift */; };
		6B43A3D81DEED32300591BD3 /* CollectionHeaderView.xib in Resources */ = {isa = PBXBuildFile; fileRef = 6B43A3D61DEED32300591BD3 /* CollectionHeaderView.xib */; };
		6B43A3DE1DEED3B300591BD3 /* CollectionBaseCell.swift in Sources */ = {isa = PBXBuildFile; fileRef = 6B43A3D91DEED3B300591BD3 /* CollectionBaseCell.swift */; };
		6B43A3DF1DEED3B300591BD3 /* CollectionNormalCell.swift in Sources */ = {isa = PBXBuildFile; fileRef = 6B43A3DA1DEED3B300591BD3 /* CollectionNormalCell.swift */; };
		6B43A3E01DEED3B300591BD3 /* CollectionNormalCell.xib in Resources */ = {isa = PBXBuildFile; fileRef = 6B43A3DB1DEED3B300591BD3 /* CollectionNormalCell.xib */; };
		6B43A3E11DEED3B300591BD3 /* CollectionPrettyCell.swift in Sources */ = {isa = PBXBuildFile; fileRef = 6B43A3DC1DEED3B300591BD3 /* CollectionPrettyCell.swift */; };
		6B43A3E21DEED3B300591BD3 /* CollectionPrettyCell.xib in Resources */ = {isa = PBXBuildFile; fileRef = 6B43A3DD1DEED3B300591BD3 /* CollectionPrettyCell.xib */; };
		6B8B50171DCE2DC60005E162 /* AppDelegate.swift in Sources */ = {isa = PBXBuildFile; fileRef = 6B8B50161DCE2DC60005E162 /* AppDelegate.swift */; };
		6B8B501E1DCE2DC60005E162 /* Assets.xcassets in Resources */ = {isa = PBXBuildFile; fileRef = 6B8B501D1DCE2DC60005E162 /* Assets.xcassets */; };
		6B8B50211DCE2DC60005E162 /* LaunchScreen.storyboard in Resources */ = {isa = PBXBuildFile; fileRef = 6B8B501F1DCE2DC60005E162 /* LaunchScreen.storyboard */; };
		6B8B502C1DCE2DC60005E162 /* DouYuZBTests.swift in Sources */ = {isa = PBXBuildFile; fileRef = 6B8B502B1DCE2DC60005E162 /* DouYuZBTests.swift */; };
		6B8B50371DCE2DC60005E162 /* DouYuZBUITests.swift in Sources */ = {isa = PBXBuildFile; fileRef = 6B8B50361DCE2DC60005E162 /* DouYuZBUITests.swift */; };
		6BBF35171DED980200363914 /* PageContentView.swift in Sources */ = {isa = PBXBuildFile; fileRef = 6BBF35161DED980200363914 /* PageContentView.swift */; };
		6BBF35191DED9B0400363914 /* UIColor+Extension.swift in Sources */ = {isa = PBXBuildFile; fileRef = 6BBF35181DED9B0400363914 /* UIColor+Extension.swift */; };
		6BBF351B1DEDC7FC00363914 /* RecommendViewController.swift in Sources */ = {isa = PBXBuildFile; fileRef = 6BBF351A1DEDC7FC00363914 /* RecommendViewController.swift */; };
		6BDA37951DCF3BE30048BE82 /* Main.storyboard in Resources */ = {isa = PBXBuildFile; fileRef = 6BDA37931DCF3BE30048BE82 /* Main.storyboard */; };
		6BDA37961DCF3BE30048BE82 /* MainViewController.swift in Sources */ = {isa = PBXBuildFile; fileRef = 6BDA37941DCF3BE30048BE82 /* MainViewController.swift */; };
		6BDA37981DCF3BF20048BE82 /* Home.storyboard in Resources */ = {isa = PBXBuildFile; fileRef = 6BDA37971DCF3BF20048BE82 /* Home.storyboard */; };
		6BDA379A1DCF3BFA0048BE82 /* Live.storyboard in Resources */ = {isa = PBXBuildFile; fileRef = 6BDA37991DCF3BFA0048BE82 /* Live.storyboard */; };
		6BDA379C1DCF3C030048BE82 /* Follow.storyboard in Resources */ = {isa = PBXBuildFile; fileRef = 6BDA379B1DCF3C020048BE82 /* Follow.storyboard */; };
		6BDA379E1DCF3C0A0048BE82 /* My.storyboard in Resources */ = {isa = PBXBuildFile; fileRef = 6BDA379D1DCF3C0A0048BE82 /* My.storyboard */; };
		6BDA37A01DCF3D480048BE82 /* HomeViewController.swift in Sources */ = {isa = PBXBuildFile; fileRef = 6BDA379F1DCF3D480048BE82 /* HomeViewController.swift */; };
		6BDA37A31DCF43350048BE82 /* UIBarButtonItem+Extension.swift in Sources */ = {isa = PBXBuildFile; fileRef = 6BDA37A21DCF43350048BE82 /* UIBarButtonItem+Extension.swift */; };
		6BDA37A51DCF58A50048BE82 /* PageTitleView.swift in Sources */ = {isa = PBXBuildFile; fileRef = 6BDA37A41DCF58A50048BE82 /* PageTitleView.swift */; };
		6BDA37A71DCF5AA00048BE82 /* Common.swift in Sources */ = {isa = PBXBuildFile; fileRef = 6BDA37A61DCF5AA00048BE82 /* Common.swift */; };
		BBDCEBB20AAA90A3016E90B0 /* Pods_DouYuZB.framework in Frameworks */ = {isa = PBXBuildFile; fileRef = B45E651C415D6E43482343D3 /* Pods_DouYuZB.framework */; };
/* End PBXBuildFile section */

/* Begin PBXContainerItemProxy section */
		6B8B50281DCE2DC60005E162 /* PBXContainerItemProxy */ = {
			isa = PBXContainerItemProxy;
			containerPortal = 6B8B500B1DCE2DC60005E162 /* Project object */;
			proxyType = 1;
			remoteGlobalIDString = 6B8B50121DCE2DC60005E162;
			remoteInfo = DouYuZB;
		};
		6B8B50331DCE2DC60005E162 /* PBXContainerItemProxy */ = {
			isa = PBXContainerItemProxy;
			containerPortal = 6B8B500B1DCE2DC60005E162 /* Project object */;
			proxyType = 1;
			remoteGlobalIDString = 6B8B50121DCE2DC60005E162;
			remoteInfo = DouYuZB;
		};
/* End PBXContainerItemProxy section */

/* Begin PBXFileReference section */
		6B43A3991DEEB65A00591BD3 /* NetworkTools.swift */ = {isa = PBXFileReference; fileEncoding = 4; lastKnownFileType = sourcecode.swift; path = NetworkTools.swift; sourceTree = "<group>"; };
		6B43A3CB1DEEC01000591BD3 /* RecommendViewModel.swift */ = {isa = PBXFileReference; fileEncoding = 4; lastKnownFileType = sourcecode.swift; path = RecommendViewModel.swift; sourceTree = "<group>"; };
		6B43A3CD1DEEC30000591BD3 /* NSDate-Extension.swift */ = {isa = PBXFileReference; fileEncoding = 4; lastKnownFileType = sourcecode.swift; path = "NSDate-Extension.swift"; sourceTree = "<group>"; };
		6B43A3CF1DEEC6A400591BD3 /* AnchorGroup.swift */ = {isa = PBXFileReference; fileEncoding = 4; lastKnownFileType = sourcecode.swift; path = AnchorGroup.swift; sourceTree = "<group>"; };
		6B43A3D11DEEC74000591BD3 /* AnchorModel.swift */ = {isa = PBXFileReference; fileEncoding = 4; lastKnownFileType = sourcecode.swift; path = AnchorModel.swift; sourceTree = "<group>"; };
		6B43A3D31DEECDB300591BD3 /* GameBaseModel.swift */ = {isa = PBXFileReference; fileEncoding = 4; lastKnownFileType = sourcecode.swift; path = GameBaseModel.swift; sourceTree = "<group>"; };
		6B43A3D51DEED32300591BD3 /* CollectionHeaderView.swift */ = {isa = PBXFileReference; fileEncoding = 4; lastKnownFileType = sourcecode.swift; path = CollectionHeaderView.swift; sourceTree = "<group>"; };
		6B43A3D61DEED32300591BD3 /* CollectionHeaderView.xib */ = {isa = PBXFileReference; fileEncoding = 4; lastKnownFileType = file.xib; path = CollectionHeaderView.xib; sourceTree = "<group>"; };
		6B43A3D91DEED3B300591BD3 /* CollectionBaseCell.swift */ = {isa = PBXFileReference; fileEncoding = 4; lastKnownFileType = sourcecode.swift; path = CollectionBaseCell.swift; sourceTree = "<group>"; };
		6B43A3DA1DEED3B300591BD3 /* CollectionNormalCell.swift */ = {isa = PBXFileReference; fileEncoding = 4; lastKnownFileType = sourcecode.swift; path = CollectionNormalCell.swift; sourceTree = "<group>"; };
		6B43A3DB1DEED3B300591BD3 /* CollectionNormalCell.xib */ = {isa = PBXFileReference; fileEncoding = 4; lastKnownFileType = file.xib; path = CollectionNormalCell.xib; sourceTree = "<group>"; };
		6B43A3DC1DEED3B300591BD3 /* CollectionPrettyCell.swift */ = {isa = PBXFileReference; fileEncoding = 4; lastKnownFileType = sourcecode.swift; path = CollectionPrettyCell.swift; sourceTree = "<group>"; };
		6B43A3DD1DEED3B300591BD3 /* CollectionPrettyCell.xib */ = {isa = PBXFileReference; fileEncoding = 4; lastKnownFileType = file.xib; path = CollectionPrettyCell.xib; sourceTree = "<group>"; };
		6B8B50131DCE2DC60005E162 /* DouYuZB.app */ = {isa = PBXFileReference; explicitFileType = wrapper.application; includeInIndex = 0; path = DouYuZB.app; sourceTree = BUILT_PRODUCTS_DIR; };
		6B8B50161DCE2DC60005E162 /* AppDelegate.swift */ = {isa = PBXFileReference; lastKnownFileType = sourcecode.swift; path = AppDelegate.swift; sourceTree = "<group>"; };
		6B8B501D1DCE2DC60005E162 /* Assets.xcassets */ = {isa = PBXFileReference; lastKnownFileType = folder.assetcatalog; path = Assets.xcassets; sourceTree = "<group>"; };
		6B8B50201DCE2DC60005E162 /* Base */ = {isa = PBXFileReference; lastKnownFileType = file.storyboard; name = Base; path = Base.lproj/LaunchScreen.storyboard; sourceTree = "<group>"; };
		6B8B50221DCE2DC60005E162 /* Info.plist */ = {isa = PBXFileReference; lastKnownFileType = text.plist.xml; path = Info.plist; sourceTree = "<group>"; };
		6B8B50271DCE2DC60005E162 /* DouYuZBTests.xctest */ = {isa = PBXFileReference; explicitFileType = wrapper.cfbundle; includeInIndex = 0; path = DouYuZBTests.xctest; sourceTree = BUILT_PRODUCTS_DIR; };
		6B8B502B1DCE2DC60005E162 /* DouYuZBTests.swift */ = {isa = PBXFileReference; lastKnownFileType = sourcecode.swift; path = DouYuZBTests.swift; sourceTree = "<group>"; };
		6B8B502D1DCE2DC60005E162 /* Info.plist */ = {isa = PBXFileReference; lastKnownFileType = text.plist.xml; path = Info.plist; sourceTree = "<group>"; };
		6B8B50321DCE2DC60005E162 /* DouYuZBUITests.xctest */ = {isa = PBXFileReference; explicitFileType = wrapper.cfbundle; includeInIndex = 0; path = DouYuZBUITests.xctest; sourceTree = BUILT_PRODUCTS_DIR; };
		6B8B50361DCE2DC60005E162 /* DouYuZBUITests.swift */ = {isa = PBXFileReference; lastKnownFileType = sourcecode.swift; path = DouYuZBUITests.swift; sourceTree = "<group>"; };
		6B8B50381DCE2DC60005E162 /* Info.plist */ = {isa = PBXFileReference; lastKnownFileType = text.plist.xml; path = Info.plist; sourceTree = "<group>"; };
		6BBF35161DED980200363914 /* PageContentView.swift */ = {isa = PBXFileReference; fileEncoding = 4; lastKnownFileType = sourcecode.swift; path = PageContentView.swift; sourceTree = "<group>"; };
		6BBF35181DED9B0400363914 /* UIColor+Extension.swift */ = {isa = PBXFileReference; fileEncoding = 4; lastKnownFileType = sourcecode.swift; path = "UIColor+Extension.swift"; sourceTree = "<group>"; };
		6BBF351A1DEDC7FC00363914 /* RecommendViewController.swift */ = {isa = PBXFileReference; fileEncoding = 4; lastKnownFileType = sourcecode.swift; path = RecommendViewController.swift; sourceTree = "<group>"; };
		6BDA37931DCF3BE30048BE82 /* Main.storyboard */ = {isa = PBXFileReference; fileEncoding = 4; lastKnownFileType = file.storyboard; path = Main.storyboard; sourceTree = "<group>"; };
		6BDA37941DCF3BE30048BE82 /* MainViewController.swift */ = {isa = PBXFileReference; fileEncoding = 4; lastKnownFileType = sourcecode.swift; path = MainViewController.swift; sourceTree = "<group>"; };
		6BDA37971DCF3BF20048BE82 /* Home.storyboard */ = {isa = PBXFileReference; fileEncoding = 4; lastKnownFileType = file.storyboard; path = Home.storyboard; sourceTree = "<group>"; };
		6BDA37991DCF3BFA0048BE82 /* Live.storyboard */ = {isa = PBXFileReference; fileEncoding = 4; lastKnownFileType = file.storyboard; path = Live.storyboard; sourceTree = "<group>"; };
		6BDA379B1DCF3C020048BE82 /* Follow.storyboard */ = {isa = PBXFileReference; fileEncoding = 4; lastKnownFileType = file.storyboard; path = Follow.storyboard; sourceTree = "<group>"; };
		6BDA379D1DCF3C0A0048BE82 /* My.storyboard */ = {isa = PBXFileReference; fileEncoding = 4; lastKnownFileType = file.storyboard; path = My.storyboard; sourceTree = "<group>"; };
		6BDA379F1DCF3D480048BE82 /* HomeViewController.swift */ = {isa = PBXFileReference; fileEncoding = 4; lastKnownFileType = sourcecode.swift; path = HomeViewController.swift; sourceTree = "<group>"; };
		6BDA37A21DCF43350048BE82 /* UIBarButtonItem+Extension.swift */ = {isa = PBXFileReference; fileEncoding = 4; lastKnownFileType = sourcecode.swift; path = "UIBarButtonItem+Extension.swift"; sourceTree = "<group>"; };
		6BDA37A41DCF58A50048BE82 /* PageTitleView.swift */ = {isa = PBXFileReference; fileEncoding = 4; lastKnownFileType = sourcecode.swift; path = PageTitleView.swift; sourceTree = "<group>"; };
		6BDA37A61DCF5AA00048BE82 /* Common.swift */ = {isa = PBXFileReference; fileEncoding = 4; lastKnownFileType = sourcecode.swift; path = Common.swift; sourceTree = "<group>"; };
		B45E651C415D6E43482343D3 /* Pods_DouYuZB.framework */ = {isa = PBXFileReference; explicitFileType = wrapper.framework; includeInIndex = 0; path = Pods_DouYuZB.framework; sourceTree = BUILT_PRODUCTS_DIR; };
		F03ABE742BAD947962CBD383 /* Pods-DouYuZB.debug.xcconfig */ = {isa = PBXFileReference; includeInIndex = 1; lastKnownFileType = text.xcconfig; name = "Pods-DouYuZB.debug.xcconfig"; path = "Pods/Target Support Files/Pods-DouYuZB/Pods-DouYuZB.debug.xcconfig"; sourceTree = "<group>"; };
		F1F7045835A3726ACFEF4F70 /* Pods-DouYuZB.release.xcconfig */ = {isa = PBXFileReference; includeInIndex = 1; lastKnownFileType = text.xcconfig; name = "Pods-DouYuZB.release.xcconfig"; path = "Pods/Target Support Files/Pods-DouYuZB/Pods-DouYuZB.release.xcconfig"; sourceTree = "<group>"; };
/* End PBXFileReference section */

/* Begin PBXFrameworksBuildPhase section */
		6B8B50101DCE2DC60005E162 /* Frameworks */ = {
			isa = PBXFrameworksBuildPhase;
			buildActionMask = 2147483647;
			files = (
				BBDCEBB20AAA90A3016E90B0 /* Pods_DouYuZB.framework in Frameworks */,
			);
			runOnlyForDeploymentPostprocessing = 0;
		};
		6B8B50241DCE2DC60005E162 /* Frameworks */ = {
			isa = PBXFrameworksBuildPhase;
			buildActionMask = 2147483647;
			files = (
			);
			runOnlyForDeploymentPostprocessing = 0;
		};
		6B8B502F1DCE2DC60005E162 /* Frameworks */ = {
			isa = PBXFrameworksBuildPhase;
			buildActionMask = 2147483647;
			files = (
			);
			runOnlyForDeploymentPostprocessing = 0;
		};
/* End PBXFrameworksBuildPhase section */

/* Begin PBXGroup section */
		335AA02691E71AD9B8FE09D0 /* Frameworks */ = {
			isa = PBXGroup;
			children = (
				B45E651C415D6E43482343D3 /* Pods_DouYuZB.framework */,
			);
			name = Frameworks;
			sourceTree = "<group>";
		};
		6B43A34E1DEEB30900591BD3 /* Lib */ = {
			isa = PBXGroup;
			children = (
			);
			path = Lib;
			sourceTree = "<group>";
		};
		6B43A3BD1DEEBF1B00591BD3 /* Model */ = {
			isa = PBXGroup;
			children = (
				6B43A3D31DEECDB300591BD3 /* GameBaseModel.swift */,
				6B43A3CF1DEEC6A400591BD3 /* AnchorGroup.swift */,
				6B43A3D11DEEC74000591BD3 /* AnchorModel.swift */,
			);
			path = Model;
			sourceTree = "<group>";
		};
		6B43A3BE1DEEBF4900591BD3 /* Model */ = {
			isa = PBXGroup;
			children = (
			);
			path = Model;
			sourceTree = "<group>";
		};
		6B43A3BF1DEEBF6B00591BD3 /* View */ = {
			isa = PBXGroup;
			children = (
				6B43A3D51DEED32300591BD3 /* CollectionHeaderView.swift */,
				6B43A3D61DEED32300591BD3 /* CollectionHeaderView.xib */,
			);
			path = View;
			sourceTree = "<group>";
		};
		6B43A3C41DEEBF9200591BD3 /* Model */ = {
			isa = PBXGroup;
			children = (
			);
			path = Model;
			sourceTree = "<group>";
		};
		6B43A3C51DEEBF9200591BD3 /* View */ = {
			isa = PBXGroup;
			children = (
			);
			path = View;
			sourceTree = "<group>";
		};
		6B43A3C61DEEBFB300591BD3 /* Model */ = {
			isa = PBXGroup;
			children = (
			);
			path = Model;
			sourceTree = "<group>";
		};
		6B43A3C71DEEBFB300591BD3 /* View */ = {
			isa = PBXGroup;
			children = (
			);
			path = View;
			sourceTree = "<group>";
		};
		6B43A3C81DEEBFD100591BD3 /* Model */ = {
			isa = PBXGroup;
			children = (
			);
			path = Model;
			sourceTree = "<group>";
		};
		6B43A3C91DEEBFD100591BD3 /* View */ = {
			isa = PBXGroup;
			children = (
			);
			path = View;
			sourceTree = "<group>";
		};
		6B43A3CA1DEEBFE800591BD3 /* ViewModel */ = {
			isa = PBXGroup;
			children = (
				6B43A3CB1DEEC01000591BD3 /* RecommendViewModel.swift */,
			);
			path = ViewModel;
			sourceTree = "<group>";
		};
		6B8B500A1DCE2DC60005E162 = {
			isa = PBXGroup;
			children = (
				6B8B50151DCE2DC60005E162 /* DouYuZB */,
				6B8B502A1DCE2DC60005E162 /* DouYuZBTests */,
				6B8B50351DCE2DC60005E162 /* DouYuZBUITests */,
				6B8B50141DCE2DC60005E162 /* Products */,
				896A6F1A1751923C5FA4B742 /* Pods */,
				335AA02691E71AD9B8FE09D0 /* Frameworks */,
			);
			sourceTree = "<group>";
		};
		6B8B50141DCE2DC60005E162 /* Products */ = {
			isa = PBXGroup;
			children = (
				6B8B50131DCE2DC60005E162 /* DouYuZB.app */,
				6B8B50271DCE2DC60005E162 /* DouYuZBTests.xctest */,
				6B8B50321DCE2DC60005E162 /* DouYuZBUITests.xctest */,
			);
			name = Products;
			sourceTree = "<group>";
		};
		6B8B50151DCE2DC60005E162 /* DouYuZB */ = {
			isa = PBXGroup;
			children = (
				6BDA376F1DCEDA8D0048BE82 /* Classes */,
				6B8B50161DCE2DC60005E162 /* AppDelegate.swift */,
				6B8B501D1DCE2DC60005E162 /* Assets.xcassets */,
				6B8B501F1DCE2DC60005E162 /* LaunchScreen.storyboard */,
				6B8B50221DCE2DC60005E162 /* Info.plist */,
			);
			path = DouYuZB;
			sourceTree = "<group>";
		};
		6B8B502A1DCE2DC60005E162 /* DouYuZBTests */ = {
			isa = PBXGroup;
			children = (
				6B8B502B1DCE2DC60005E162 /* DouYuZBTests.swift */,
				6B8B502D1DCE2DC60005E162 /* Info.plist */,
			);
			path = DouYuZBTests;
			sourceTree = "<group>";
		};
		6B8B50351DCE2DC60005E162 /* DouYuZBUITests */ = {
			isa = PBXGroup;
			children = (
				6B8B50361DCE2DC60005E162 /* DouYuZBUITests.swift */,
				6B8B50381DCE2DC60005E162 /* Info.plist */,
			);
			path = DouYuZBUITests;
			sourceTree = "<group>";
		};
		6BDA376F1DCEDA8D0048BE82 /* Classes */ = {
			isa = PBXGroup;
			children = (
				6B43A34E1DEEB30900591BD3 /* Lib */,
				6BDA37731DCEDA8D0048BE82 /* Main */,
				6BDA37711DCEDA8D0048BE82 /* Home */,
				6BDA37721DCEDA8D0048BE82 /* Live */,
				6BDA37701DCEDA8D0048BE82 /* Follow */,
				6BDA37741DCEDA8D0048BE82 /* Profile */,
				6BDA37751DCEDA8D0048BE82 /* Tools */,
			);
			path = Classes;
			sourceTree = "<group>";
		};
		6BDA37701DCEDA8D0048BE82 /* Follow */ = {
			isa = PBXGroup;
			children = (
				6BDA378A1DCF3AED0048BE82 /* Controller */,
				6B43A3C61DEEBFB300591BD3 /* Model */,
				6B43A3C71DEEBFB300591BD3 /* View */,
			);
			path = Follow;
			sourceTree = "<group>";
		};
		6BDA37711DCEDA8D0048BE82 /* Home */ = {
			isa = PBXGroup;
			children = (
				6BDA37841DCF3AD70048BE82 /* Controller */,
				6B43A3CA1DEEBFE800591BD3 /* ViewModel */,
				6B43A3BF1DEEBF6B00591BD3 /* View */,
				6B43A3BE1DEEBF4900591BD3 /* Model */,
			);
			path = Home;
			sourceTree = "<group>";
		};
		6BDA37721DCEDA8D0048BE82 /* Live */ = {
			isa = PBXGroup;
			children = (
				6BDA37871DCF3AE60048BE82 /* Controller */,
				6B43A3C41DEEBF9200591BD3 /* Model */,
				6B43A3C51DEEBF9200591BD3 /* View */,
			);
			path = Live;
			sourceTree = "<group>";
		};
		6BDA37731DCEDA8D0048BE82 /* Main */ = {
			isa = PBXGroup;
			children = (
				6BDA37901DCF3B450048BE82 /* Controller */,
				6B43A3BD1DEEBF1B00591BD3 /* Model */,
				6BDA37921DCF3B450048BE82 /* View */,
			);
			path = Main;
			sourceTree = "<group>";
		};
		6BDA37741DCEDA8D0048BE82 /* Profile */ = {
			isa = PBXGroup;
			children = (
				6BDA378D1DCF3AF40048BE82 /* Controller */,
				6B43A3C81DEEBFD100591BD3 /* Model */,
				6B43A3C91DEEBFD100591BD3 /* View */,
			);
			path = Profile;
			sourceTree = "<group>";
		};
		6BDA37751DCEDA8D0048BE82 /* Tools */ = {
			isa = PBXGroup;
			children = (
				6BDA37A11DCF42CC0048BE82 /* Extensions */,
				6BDA37A61DCF5AA00048BE82 /* Common.swift */,
				6B43A3991DEEB65A00591BD3 /* NetworkTools.swift */,
			);
			path = Tools;
			sourceTree = "<group>";
		};
		6BDA37841DCF3AD70048BE82 /* Controller */ = {
			isa = PBXGroup;
			children = (
				6BDA37971DCF3BF20048BE82 /* Home.storyboard */,
				6BDA379F1DCF3D480048BE82 /* HomeViewController.swift */,
				6BBF351A1DEDC7FC00363914 /* RecommendViewController.swift */,
			);
			path = Controller;
			sourceTree = "<group>";
		};
		6BDA37871DCF3AE60048BE82 /* Controller */ = {
			isa = PBXGroup;
			children = (
				6BDA37991DCF3BFA0048BE82 /* Live.storyboard */,
			);
			path = Controller;
			sourceTree = "<group>";
		};
		6BDA378A1DCF3AED0048BE82 /* Controller */ = {
			isa = PBXGroup;
			children = (
				6BDA379B1DCF3C020048BE82 /* Follow.storyboard */,
			);
			path = Controller;
			sourceTree = "<group>";
		};
		6BDA378D1DCF3AF40048BE82 /* Controller */ = {
			isa = PBXGroup;
			children = (
				6BDA379D1DCF3C0A0048BE82 /* My.storyboard */,
			);
			path = Controller;
			sourceTree = "<group>";
		};
		6BDA37901DCF3B450048BE82 /* Controller */ = {
			isa = PBXGroup;
			children = (
				6BDA37931DCF3BE30048BE82 /* Main.storyboard */,
				6BDA37941DCF3BE30048BE82 /* MainViewController.swift */,
			);
			path = Controller;
			sourceTree = "<group>";
		};
		6BDA37921DCF3B450048BE82 /* View */ = {
			isa = PBXGroup;
			children = (
				6BDA37A41DCF58A50048BE82 /* PageTitleView.swift */,
				6BBF35161DED980200363914 /* PageContentView.swift */,
				6B43A3D91DEED3B300591BD3 /* CollectionBaseCell.swift */,
				6B43A3DA1DEED3B300591BD3 /* CollectionNormalCell.swift */,
				6B43A3DB1DEED3B300591BD3 /* CollectionNormalCell.xib */,
				6B43A3DC1DEED3B300591BD3 /* CollectionPrettyCell.swift */,
				6B43A3DD1DEED3B300591BD3 /* CollectionPrettyCell.xib */,
			);
			path = View;
			sourceTree = "<group>";
		};
		6BDA37A11DCF42CC0048BE82 /* Extensions */ = {
			isa = PBXGroup;
			children = (
				6B43A3CD1DEEC30000591BD3 /* NSDate-Extension.swift */,
				6BDA37A21DCF43350048BE82 /* UIBarButtonItem+Extension.swift */,
				6BBF35181DED9B0400363914 /* UIColor+Extension.swift */,
			);
			path = Extensions;
			sourceTree = "<group>";
		};
		896A6F1A1751923C5FA4B742 /* Pods */ = {
			isa = PBXGroup;
			children = (
				F03ABE742BAD947962CBD383 /* Pods-DouYuZB.debug.xcconfig */,
				F1F7045835A3726ACFEF4F70 /* Pods-DouYuZB.release.xcconfig */,
			);
			name = Pods;
			sourceTree = "<group>";
		};
/* End PBXGroup section */

/* Begin PBXNativeTarget section */
		6B8B50121DCE2DC60005E162 /* DouYuZB */ = {
			isa = PBXNativeTarget;
			buildConfigurationList = 6B8B503B1DCE2DC60005E162 /* Build configuration list for PBXNativeTarget "DouYuZB" */;
			buildPhases = (
				C60C61AFA716E936FA727387 /* [CP] Check Pods Manifest.lock */,
				6B8B500F1DCE2DC60005E162 /* Sources */,
				6B8B50101DCE2DC60005E162 /* Frameworks */,
				6B8B50111DCE2DC60005E162 /* Resources */,
				1D657C8DD93AFEF632A64862 /* [CP] Embed Pods Frameworks */,
				28DA117349A5AC5D0D4A420A /* [CP] Copy Pods Resources */,
			);
			buildRules = (
			);
			dependencies = (
			);
			name = DouYuZB;
			productName = DouYuZB;
			productReference = 6B8B50131DCE2DC60005E162 /* DouYuZB.app */;
			productType = "com.apple.product-type.application";
		};
		6B8B50261DCE2DC60005E162 /* DouYuZBTests */ = {
			isa = PBXNativeTarget;
			buildConfigurationList = 6B8B503E1DCE2DC60005E162 /* Build configuration list for PBXNativeTarget "DouYuZBTests" */;
			buildPhases = (
				6B8B50231DCE2DC60005E162 /* Sources */,
				6B8B50241DCE2DC60005E162 /* Frameworks */,
				6B8B50251DCE2DC60005E162 /* Resources */,
			);
			buildRules = (
			);
			dependencies = (
				6B8B50291DCE2DC60005E162 /* PBXTargetDependency */,
			);
			name = DouYuZBTests;
			productName = DouYuZBTests;
			productReference = 6B8B50271DCE2DC60005E162 /* DouYuZBTests.xctest */;
			productType = "com.apple.product-type.bundle.unit-test";
		};
		6B8B50311DCE2DC60005E162 /* DouYuZBUITests */ = {
			isa = PBXNativeTarget;
			buildConfigurationList = 6B8B50411DCE2DC60005E162 /* Build configuration list for PBXNativeTarget "DouYuZBUITests" */;
			buildPhases = (
				6B8B502E1DCE2DC60005E162 /* Sources */,
				6B8B502F1DCE2DC60005E162 /* Frameworks */,
				6B8B50301DCE2DC60005E162 /* Resources */,
			);
			buildRules = (
			);
			dependencies = (
				6B8B50341DCE2DC60005E162 /* PBXTargetDependency */,
			);
			name = DouYuZBUITests;
			productName = DouYuZBUITests;
			productReference = 6B8B50321DCE2DC60005E162 /* DouYuZBUITests.xctest */;
			productType = "com.apple.product-type.bundle.ui-testing";
		};
/* End PBXNativeTarget section */

/* Begin PBXProject section */
		6B8B500B1DCE2DC60005E162 /* Project object */ = {
			isa = PBXProject;
			attributes = {
				LastSwiftUpdateCheck = 0710;
				LastUpgradeCheck = 0710;
				ORGANIZATIONNAME = HuMeng;
				TargetAttributes = {
					6B8B50121DCE2DC60005E162 = {
						CreatedOnToolsVersion = 7.1;
						DevelopmentTeam = 75AXUYD58X;
						LastSwiftMigration = 0810;
					};
					6B8B50261DCE2DC60005E162 = {
						CreatedOnToolsVersion = 7.1;
						DevelopmentTeam = 75AXUYD58X;
						LastSwiftMigration = 0810;
						TestTargetID = 6B8B50121DCE2DC60005E162;
					};
					6B8B50311DCE2DC60005E162 = {
						CreatedOnToolsVersion = 7.1;
						DevelopmentTeam = 75AXUYD58X;
						LastSwiftMigration = 0810;
						TestTargetID = 6B8B50121DCE2DC60005E162;
					};
				};
			};
			buildConfigurationList = 6B8B500E1DCE2DC60005E162 /* Build configuration list for PBXProject "DouYuZB" */;
			compatibilityVersion = "Xcode 3.2";
			developmentRegion = English;
			hasScannedForEncodings = 0;
			knownRegions = (
				en,
				Base,
			);
			mainGroup = 6B8B500A1DCE2DC60005E162;
			productRefGroup = 6B8B50141DCE2DC60005E162 /* Products */;
			projectDirPath = "";
			projectRoot = "";
			targets = (
				6B8B50121DCE2DC60005E162 /* DouYuZB */,
				6B8B50261DCE2DC60005E162 /* DouYuZBTests */,
				6B8B50311DCE2DC60005E162 /* DouYuZBUITests */,
			);
		};
/* End PBXProject section */

/* Begin PBXResourcesBuildPhase section */
		6B8B50111DCE2DC60005E162 /* Resources */ = {
			isa = PBXResourcesBuildPhase;
			buildActionMask = 2147483647;
			files = (
				6B8B50211DCE2DC60005E162 /* LaunchScreen.storyboard in Resources */,
				6B8B501E1DCE2DC60005E162 /* Assets.xcassets in Resources */,
				6B43A3E01DEED3B300591BD3 /* CollectionNormalCell.xib in Resources */,
				6B43A3D81DEED32300591BD3 /* CollectionHeaderView.xib in Resources */,
				6BDA379A1DCF3BFA0048BE82 /* Live.storyboard in Resources */,
				6BDA37951DCF3BE30048BE82 /* Main.storyboard in Resources */,
				6BDA379C1DCF3C030048BE82 /* Follow.storyboard in Resources */,
				6B43A3E21DEED3B300591BD3 /* CollectionPrettyCell.xib in Resources */,
				6BDA379E1DCF3C0A0048BE82 /* My.storyboard in Resources */,
				6BDA37981DCF3BF20048BE82 /* Home.storyboard in Resources */,
			);
			runOnlyForDeploymentPostprocessing = 0;
		};
		6B8B50251DCE2DC60005E162 /* Resources */ = {
			isa = PBXResourcesBuildPhase;
			buildActionMask = 2147483647;
			files = (
			);
			runOnlyForDeploymentPostprocessing = 0;
		};
		6B8B50301DCE2DC60005E162 /* Resources */ = {
			isa = PBXResourcesBuildPhase;
			buildActionMask = 2147483647;
			files = (
			);
			runOnlyForDeploymentPostprocessing = 0;
		};
/* End PBXResourcesBuildPhase section */

/* Begin PBXShellScriptBuildPhase section */
		1D657C8DD93AFEF632A64862 /* [CP] Embed Pods Frameworks */ = {
			isa = PBXShellScriptBuildPhase;
			buildActionMask = 2147483647;
			files = (
			);
			inputPaths = (
			);
			name = "[CP] Embed Pods Frameworks";
			outputPaths = (
			);
			runOnlyForDeploymentPostprocessing = 0;
			shellPath = /bin/sh;
			shellScript = "\"${SRCROOT}/Pods/Target Support Files/Pods-DouYuZB/Pods-DouYuZB-frameworks.sh\"\n";
			showEnvVarsInLog = 0;
		};
		28DA117349A5AC5D0D4A420A /* [CP] Copy Pods Resources */ = {
			isa = PBXShellScriptBuildPhase;
			buildActionMask = 2147483647;
			files = (
			);
			inputPaths = (
			);
			name = "[CP] Copy Pods Resources";
			outputPaths = (
			);
			runOnlyForDeploymentPostprocessing = 0;
			shellPath = /bin/sh;
			shellScript = "\"${SRCROOT}/Pods/Target Support Files/Pods-DouYuZB/Pods-DouYuZB-resources.sh\"\n";
			showEnvVarsInLog = 0;
		};
		C60C61AFA716E936FA727387 /* [CP] Check Pods Manifest.lock */ = {
			isa = PBXShellScriptBuildPhase;
			buildActionMask = 2147483647;
			files = (
			);
			inputPaths = (
			);
			name = "[CP] Check Pods Manifest.lock";
			outputPaths = (
			);
			runOnlyForDeploymentPostprocessing = 0;
			shellPath = /bin/sh;
			shellScript = "diff \"${PODS_ROOT}/../Podfile.lock\" \"${PODS_ROOT}/Manifest.lock\" > /dev/null\nif [ $? != 0 ] ; then\n    # print error to STDERR\n    echo \"error: The sandbox is not in sync with the Podfile.lock. Run 'pod install' or update your CocoaPods installation.\" >&2\n    exit 1\nfi\n";
			showEnvVarsInLog = 0;
		};
/* End PBXShellScriptBuildPhase section */

/* Begin PBXSourcesBuildPhase section */
		6B8B500F1DCE2DC60005E162 /* Sources */ = {
			isa = PBXSourcesBuildPhase;
			buildActionMask = 2147483647;
			files = (
				6BDA37A31DCF43350048BE82 /* UIBarButtonItem+Extension.swift in Sources */,
				6B43A3E11DEED3B300591BD3 /* CollectionPrettyCell.swift in Sources */,
				6BDA37961DCF3BE30048BE82 /* MainViewController.swift in Sources */,
				6BBF351B1DEDC7FC00363914 /* RecommendViewController.swift in Sources */,
				6B43A3D01DEEC6A400591BD3 /* AnchorGroup.swift in Sources */,
				6B43A3DE1DEED3B300591BD3 /* CollectionBaseCell.swift in Sources */,
				6BDA37A51DCF58A50048BE82 /* PageTitleView.swift in Sources */,
				6BBF35171DED980200363914 /* PageContentView.swift in Sources */,
				6B8B50171DCE2DC60005E162 /* AppDelegate.swift in Sources */,
				6BDA37A71DCF5AA00048BE82 /* Common.swift in Sources */,
				6B43A3D71DEED32300591BD3 /* CollectionHeaderView.swift in Sources */,
				6B43A39A1DEEB65A00591BD3 /* NetworkTools.swift in Sources */,
				6B43A3CE1DEEC30000591BD3 /* NSDate-Extension.swift in Sources */,
				6B43A3D41DEECDB300591BD3 /* GameBaseModel.swift in Sources */,
				6BDA37A01DCF3D480048BE82 /* HomeViewController.swift in Sources */,
				6BBF35191DED9B0400363914 /* UIColor+Extension.swift in Sources */,
				6B43A3CC1DEEC01000591BD3 /* RecommendViewModel.swift in Sources */,
				6B43A3DF1DEED3B300591BD3 /* CollectionNormalCell.swift in Sources */,
				6B43A3D21DEEC74000591BD3 /* AnchorModel.swift in Sources */,
			);
			runOnlyForDeploymentPostprocessing = 0;
		};
		6B8B50231DCE2DC60005E162 /* Sources */ = {
			isa = PBXSourcesBuildPhase;
			buildActionMask = 2147483647;
			files = (
				6B8B502C1DCE2DC60005E162 /* DouYuZBTests.swift in Sources */,
			);
			runOnlyForDeploymentPostprocessing = 0;
		};
		6B8B502E1DCE2DC60005E162 /* Sources */ = {
			isa = PBXSourcesBuildPhase;
			buildActionMask = 2147483647;
			files = (
				6B8B50371DCE2DC60005E162 /* DouYuZBUITests.swift in Sources */,
			);
			runOnlyForDeploymentPostprocessing = 0;
		};
/* End PBXSourcesBuildPhase section */

/* Begin PBXTargetDependency section */
		6B8B50291DCE2DC60005E162 /* PBXTargetDependency */ = {
			isa = PBXTargetDependency;
			target = 6B8B50121DCE2DC60005E162 /* DouYuZB */;
			targetProxy = 6B8B50281DCE2DC60005E162 /* PBXContainerItemProxy */;
		};
		6B8B50341DCE2DC60005E162 /* PBXTargetDependency */ = {
			isa = PBXTargetDependency;
			target = 6B8B50121DCE2DC60005E162 /* DouYuZB */;
			targetProxy = 6B8B50331DCE2DC60005E162 /* PBXContainerItemProxy */;
		};
/* End PBXTargetDependency section */

/* Begin PBXVariantGroup section */
		6B8B501F1DCE2DC60005E162 /* LaunchScreen.storyboard */ = {
			isa = PBXVariantGroup;
			children = (
				6B8B50201DCE2DC60005E162 /* Base */,
			);
			name = LaunchScreen.storyboard;
			sourceTree = "<group>";
		};
/* End PBXVariantGroup section */

/* Begin XCBuildConfiguration section */
		6B8B50391DCE2DC60005E162 /* Debug */ = {
			isa = XCBuildConfiguration;
			buildSettings = {
				ALWAYS_SEARCH_USER_PATHS = NO;
				CLANG_CXX_LANGUAGE_STANDARD = "gnu++0x";
				CLANG_CXX_LIBRARY = "libc++";
				CLANG_ENABLE_MODULES = YES;
				CLANG_ENABLE_OBJC_ARC = YES;
				CLANG_WARN_BOOL_CONVERSION = YES;
				CLANG_WARN_CONSTANT_CONVERSION = YES;
				CLANG_WARN_DIRECT_OBJC_ISA_USAGE = YES_ERROR;
				CLANG_WARN_EMPTY_BODY = YES;
				CLANG_WARN_ENUM_CONVERSION = YES;
				CLANG_WARN_INT_CONVERSION = YES;
				CLANG_WARN_OBJC_ROOT_CLASS = YES_ERROR;
				CLANG_WARN_UNREACHABLE_CODE = YES;
				CLANG_WARN__DUPLICATE_METHOD_MATCH = YES;
				"CODE_SIGN_IDENTITY[sdk=iphoneos*]" = "iPhone Developer";
				COPY_PHASE_STRIP = NO;
				DEBUG_INFORMATION_FORMAT = dwarf;
				ENABLE_STRICT_OBJC_MSGSEND = YES;
				ENABLE_TESTABILITY = YES;
				GCC_C_LANGUAGE_STANDARD = gnu99;
				GCC_DYNAMIC_NO_PIC = NO;
				GCC_NO_COMMON_BLOCKS = YES;
				GCC_OPTIMIZATION_LEVEL = 0;
				GCC_PREPROCESSOR_DEFINITIONS = (
					"DEBUG=1",
					"$(inherited)",
				);
				GCC_WARN_64_TO_32_BIT_CONVERSION = YES;
				GCC_WARN_ABOUT_RETURN_TYPE = YES_ERROR;
				GCC_WARN_UNDECLARED_SELECTOR = YES;
				GCC_WARN_UNINITIALIZED_AUTOS = YES_AGGRESSIVE;
				GCC_WARN_UNUSED_FUNCTION = YES;
				GCC_WARN_UNUSED_VARIABLE = YES;
				IPHONEOS_DEPLOYMENT_TARGET = 9.1;
				MTL_ENABLE_DEBUG_INFO = YES;
				ONLY_ACTIVE_ARCH = YES;
				SDKROOT = iphoneos;
				SWIFT_OPTIMIZATION_LEVEL = "-Onone";
				TARGETED_DEVICE_FAMILY = "1,2";
			};
			name = Debug;
		};
		6B8B503A1DCE2DC60005E162 /* Release */ = {
			isa = XCBuildConfiguration;
			buildSettings = {
				ALWAYS_SEARCH_USER_PATHS = NO;
				CLANG_CXX_LANGUAGE_STANDARD = "gnu++0x";
				CLANG_CXX_LIBRARY = "libc++";
				CLANG_ENABLE_MODULES = YES;
				CLANG_ENABLE_OBJC_ARC = YES;
				CLANG_WARN_BOOL_CONVERSION = YES;
				CLANG_WARN_CONSTANT_CONVERSION = YES;
				CLANG_WARN_DIRECT_OBJC_ISA_USAGE = YES_ERROR;
				CLANG_WARN_EMPTY_BODY = YES;
				CLANG_WARN_ENUM_CONVERSION = YES;
				CLANG_WARN_INT_CONVERSION = YES;
				CLANG_WARN_OBJC_ROOT_CLASS = YES_ERROR;
				CLANG_WARN_UNREACHABLE_CODE = YES;
				CLANG_WARN__DUPLICATE_METHOD_MATCH = YES;
				"CODE_SIGN_IDENTITY[sdk=iphoneos*]" = "iPhone Developer";
				COPY_PHASE_STRIP = NO;
				DEBUG_INFORMATION_FORMAT = "dwarf-with-dsym";
				ENABLE_NS_ASSERTIONS = NO;
				ENABLE_STRICT_OBJC_MSGSEND = YES;
				GCC_C_LANGUAGE_STANDARD = gnu99;
				GCC_NO_COMMON_BLOCKS = YES;
				GCC_WARN_64_TO_32_BIT_CONVERSION = YES;
				GCC_WARN_ABOUT_RETURN_TYPE = YES_ERROR;
				GCC_WARN_UNDECLARED_SELECTOR = YES;
				GCC_WARN_UNINITIALIZED_AUTOS = YES_AGGRESSIVE;
				GCC_WARN_UNUSED_FUNCTION = YES;
				GCC_WARN_UNUSED_VARIABLE = YES;
				IPHONEOS_DEPLOYMENT_TARGET = 9.1;
				MTL_ENABLE_DEBUG_INFO = NO;
				SDKROOT = iphoneos;
				TARGETED_DEVICE_FAMILY = "1,2";
				VALIDATE_PRODUCT = YES;
			};
			name = Release;
		};
		6B8B503C1DCE2DC60005E162 /* Debug */ = {
			isa = XCBuildConfiguration;
			baseConfigurationReference = F03ABE742BAD947962CBD383 /* Pods-DouYuZB.debug.xcconfig */;
			buildSettings = {
				ASSETCATALOG_COMPILER_APPICON_NAME = AppIcon;
				ASSETCATALOG_COMPILER_LAUNCHIMAGE_NAME = "Brand Assets";
				INFOPLIST_FILE = DouYuZB/Info.plist;
				IPHONEOS_DEPLOYMENT_TARGET = 9.0;
				LD_RUNPATH_SEARCH_PATHS = "$(inherited) @executable_path/Frameworks";
				PRODUCT_BUNDLE_IDENTIFIER = HM.DouYuZB;
				PRODUCT_NAME = "$(TARGET_NAME)";
				SWIFT_VERSION = 3.0;
			};
			name = Debug;
		};
		6B8B503D1DCE2DC60005E162 /* Release */ = {
			isa = XCBuildConfiguration;
			baseConfigurationReference = F1F7045835A3726ACFEF4F70 /* Pods-DouYuZB.release.xcconfig */;
			buildSettings = {
				ASSETCATALOG_COMPILER_APPICON_NAME = AppIcon;
				ASSETCATALOG_COMPILER_LAUNCHIMAGE_NAME = "Brand Assets";
				INFOPLIST_FILE = DouYuZB/Info.plist;
				IPHONEOS_DEPLOYMENT_TARGET = 9.0;
				LD_RUNPATH_SEARCH_PATHS = "$(inherited) @executable_path/Frameworks";
				PRODUCT_BUNDLE_IDENTIFIER = HM.DouYuZB;
				PRODUCT_NAME = "$(TARGET_NAME)";
				SWIFT_VERSION = 3.0;
			};
			name = Release;
		};
		6B8B503F1DCE2DC60005E162 /* Debug */ = {
			isa = XCBuildConfiguration;
			buildSettings = {
				BUNDLE_LOADER = "$(TEST_HOST)";
				INFOPLIST_FILE = DouYuZBTests/Info.plist;
				LD_RUNPATH_SEARCH_PATHS = "$(inherited) @executable_path/Frameworks @loader_path/Frameworks";
				PRODUCT_BUNDLE_IDENTIFIER = HM.DouYuZBTests;
				PRODUCT_NAME = "$(TARGET_NAME)";
				SWIFT_VERSION = 3.0;
				TEST_HOST = "$(BUILT_PRODUCTS_DIR)/DouYuZB.app/DouYuZB";
			};
			name = Debug;
		};
		6B8B50401DCE2DC60005E162 /* Release */ = {
			isa = XCBuildConfiguration;
			buildSettings = {
				BUNDLE_LOADER = "$(TEST_HOST)";
				INFOPLIST_FILE = DouYuZBTests/Info.plist;
				LD_RUNPATH_SEARCH_PATHS = "$(inherited) @executable_path/Frameworks @loader_path/Frameworks";
				PRODUCT_BUNDLE_IDENTIFIER = HM.DouYuZBTests;
				PRODUCT_NAME = "$(TARGET_NAME)";
				SWIFT_VERSION = 3.0;
				TEST_HOST = "$(BUILT_PRODUCTS_DIR)/DouYuZB.app/DouYuZB";
			};
			name = Release;
		};
		6B8B50421DCE2DC60005E162 /* Debug */ = {
			isa = XCBuildConfiguration;
			buildSettings = {
				INFOPLIST_FILE = DouYuZBUITests/Info.plist;
				LD_RUNPATH_SEARCH_PATHS = "$(inherited) @executable_path/Frameworks @loader_path/Frameworks";
				PRODUCT_BUNDLE_IDENTIFIER = HM.DouYuZBUITests;
				PRODUCT_NAME = "$(TARGET_NAME)";
				SWIFT_VERSION = 3.0;
				TEST_TARGET_NAME = DouYuZB;
				USES_XCTRUNNER = YES;
			};
			name = Debug;
		};
		6B8B50431DCE2DC60005E162 /* Release */ = {
			isa = XCBuildConfiguration;
			buildSettings = {
				INFOPLIST_FILE = DouYuZBUITests/Info.plist;
				LD_RUNPATH_SEARCH_PATHS = "$(inherited) @executable_path/Frameworks @loader_path/Frameworks";
				PRODUCT_BUNDLE_IDENTIFIER = HM.DouYuZBUITests;
				PRODUCT_NAME = "$(TARGET_NAME)";
				SWIFT_VERSION = 3.0;
				TEST_TARGET_NAME = DouYuZB;
				USES_XCTRUNNER = YES;
			};
			name = Release;
		};
/* End XCBuildConfiguration section */

/* Begin XCConfigurationList section */
		6B8B500E1DCE2DC60005E162 /* Build configuration list for PBXProject "DouYuZB" */ = {
			isa = XCConfigurationList;
			buildConfigurations = (
				6B8B50391DCE2DC60005E162 /* Debug */,
				6B8B503A1DCE2DC60005E162 /* Release */,
			);
			defaultConfigurationIsVisible = 0;
			defaultConfigurationName = Release;
		};
		6B8B503B1DCE2DC60005E162 /* Build configuration list for PBXNativeTarget "DouYuZB" */ = {
			isa = XCConfigurationList;
			buildConfigurations = (
				6B8B503C1DCE2DC60005E162 /* Debug */,
				6B8B503D1DCE2DC60005E162 /* Release */,
			);
			defaultConfigurationIsVisible = 0;
			defaultConfigurationName = Release;
		};
		6B8B503E1DCE2DC60005E162 /* Build configuration list for PBXNativeTarget "DouYuZBTests" */ = {
			isa = XCConfigurationList;
			buildConfigurations = (
				6B8B503F1DCE2DC60005E162 /* Debug */,
				6B8B50401DCE2DC60005E162 /* Release */,
			);
			defaultConfigurationIsVisible = 0;
			defaultConfigurationName = Release;
		};
		6B8B50411DCE2DC60005E162 /* Build configuration list for PBXNativeTarget "DouYuZBUITests" */ = {
			isa = XCConfigurationList;
			buildConfigurations = (
				6B8B50421DCE2DC60005E162 /* Debug */,
				6B8B50431DCE2DC60005E162 /* Release */,
			);
			defaultConfigurationIsVisible = 0;
			defaultConfigurationName = Release;
		};
/* End XCConfigurationList section */
	};
	rootObject = 6B8B500B1DCE2DC60005E162 /* Project object */;
}
