// !$*UTF8*$!
{
	archiveVersion = 1;
	classes = {
	};
	objectVersion = 46;
	objects = {

/* Begin PBXBuildFile section */
		6B8B50171DCE2DC60005E162 /* AppDelegate.swift in Sources */ = {isa = PBXBuildFile; fileRef = 6B8B50161DCE2DC60005E162 /* AppDelegate.swift */; };
		6B8B501E1DCE2DC60005E162 /* Assets.xcassets in Resources */ = {isa = PBXBuildFile; fileRef = 6B8B501D1DCE2DC60005E162 /* Assets.xcassets */; };
		6B8B50211DCE2DC60005E162 /* LaunchScreen.storyboard in Resources */ = {isa = PBXBuildFile; fileRef = 6B8B501F1DCE2DC60005E162 /* LaunchScreen.storyboard */; };
		6B8B502C1DCE2DC60005E162 /* DouYuZBTests.swift in Sources */ = {isa = PBXBuildFile; fileRef = 6B8B502B1DCE2DC60005E162 /* DouYuZBTests.swift */; };
		6B8B50371DCE2DC60005E162 /* DouYuZBUITests.swift in Sources */ = {isa = PBXBuildFile; fileRef = 6B8B50361DCE2DC60005E162 /* DouYuZBUITests.swift */; };
		6BDA37951DCF3BE30048BE82 /* Main.storyboard in Resources */ = {isa = PBXBuildFile; fileRef = 6BDA37931DCF3BE30048BE82 /* Main.storyboard */; };
		6BDA37961DCF3BE30048BE82 /* MainViewController.swift in Sources */ = {isa = PBXBuildFile; fileRef = 6BDA37941DCF3BE30048BE82 /* MainViewController.swift */; };
		6BDA37981DCF3BF20048BE82 /* Home.storyboard in Resources */ = {isa = PBXBuildFile; fileRef = 6BDA37971DCF3BF20048BE82 /* Home.storyboard */; };
		6BDA379A1DCF3BFA0048BE82 /* Live.storyboard in Resources */ = {isa = PBXBuildFile; fileRef = 6BDA37991DCF3BFA0048BE82 /* Live.storyboard */; };
		6BDA379C1DCF3C030048BE82 /* Follow.storyboard in Resources */ = {isa = PBXBuildFile; fileRef = 6BDA379B1DCF3C020048BE82 /* Follow.storyboard */; };
		6BDA379E1DCF3C0A0048BE82 /* My.storyboard in Resources */ = {isa = PBXBuildFile; fileRef = 6BDA379D1DCF3C0A0048BE82 /* My.storyboard */; };
		6BDA37A01DCF3D480048BE82 /* HomeViewController.swift in Sources */ = {isa = PBXBuildFile; fileRef = 6BDA379F1DCF3D480048BE82 /* HomeViewController.swift */; };
		6BDA37A31DCF43350048BE82 /* UIBarButtonItem+Extension.swift in Sources */ = {isa = PBXBuildFile; fileRef = 6BDA37A21DCF43350048BE82 /* UIBarButtonItem+Extension.swift */; };
		6BDA37A51DCF58A50048BE82 /* PageTitleView.swift in Sources */ = {isa = PBXBuildFile; fileRef = 6BDA37A41DCF58A50048BE82 /* PageTitleView.swift */; };
		6BDA37A71DCF5AA00048BE82 /* Common.swift in Sources */ = {isa = PBXBuildFile; fileRef = 6BDA37A61DCF5AA00048BE82 /* Common.swift */; };
/* End PBXBuildFile section */

/* Begin PBXContainerItemProxy section */
		6B8B50281DCE2DC60005E162 /* PBXContainerItemProxy */ = {
			isa = PBXContainerItemProxy;
			containerPortal = 6B8B500B1DCE2DC60005E162 /* Project object */;
			proxyType = 1;
			remoteGlobalIDString = 6B8B50121DCE2DC60005E162;
			remoteInfo = DouYuZB;
		};
		6B8B50331DCE2DC60005E162 /* PBXContainerItemProxy */ = {
			isa = PBXContainerItemProxy;
			containerPortal = 6B8B500B1DCE2DC60005E162 /* Project object */;
			proxyType = 1;
			remoteGlobalIDString = 6B8B50121DCE2DC60005E162;
			remoteInfo = DouYuZB;
		};
/* End PBXContainerItemProxy section */

/* Begin PBXFileReference section */
		6B8B50131DCE2DC60005E162 /* DouYuZB.app */ = {isa = PBXFileReference; explicitFileType = wrapper.application; includeInIndex = 0; path = DouYuZB.app; sourceTree = BUILT_PRODUCTS_DIR; };
		6B8B50161DCE2DC60005E162 /* AppDelegate.swift */ = {isa = PBXFileReference; lastKnownFileType = sourcecode.swift; path = AppDelegate.swift; sourceTree = "<group>"; };
		6B8B501D1DCE2DC60005E162 /* Assets.xcassets */ = {isa = PBXFileReference; lastKnownFileType = folder.assetcatalog; path = Assets.xcassets; sourceTree = "<group>"; };
		6B8B50201DCE2DC60005E162 /* Base */ = {isa = PBXFileReference; lastKnownFileType = file.storyboard; name = Base; path = Base.lproj/LaunchScreen.storyboard; sourceTree = "<group>"; };
		6B8B50221DCE2DC60005E162 /* Info.plist */ = {isa = PBXFileReference; lastKnownFileType = text.plist.xml; path = Info.plist; sourceTree = "<group>"; };
		6B8B50271DCE2DC60005E162 /* DouYuZBTests.xctest */ = {isa = PBXFileReference; explicitFileType = wrapper.cfbundle; includeInIndex = 0; path = DouYuZBTests.xctest; sourceTree = BUILT_PRODUCTS_DIR; };
		6B8B502B1DCE2DC60005E162 /* DouYuZBTests.swift */ = {isa = PBXFileReference; lastKnownFileType = sourcecode.swift; path = DouYuZBTests.swift; sourceTree = "<group>"; };
		6B8B502D1DCE2DC60005E162 /* Info.plist */ = {isa = PBXFileReference; lastKnownFileType = text.plist.xml; path = Info.plist; sourceTree = "<group>"; };
		6B8B50321DCE2DC60005E162 /* DouYuZBUITests.xctest */ = {isa = PBXFileReference; explicitFileType = wrapper.cfbundle; includeInIndex = 0; path = DouYuZBUITests.xctest; sourceTree = BUILT_PRODUCTS_DIR; };
		6B8B50361DCE2DC60005E162 /* DouYuZBUITests.swift */ = {isa = PBXFileReference; lastKnownFileType = sourcecode.swift; path = DouYuZBUITests.swift; sourceTree = "<group>"; };
		6B8B50381DCE2DC60005E162 /* Info.plist */ = {isa = PBXFileReference; lastKnownFileType = text.plist.xml; path = Info.plist; sourceTree = "<group>"; };
		6BDA37931DCF3BE30048BE82 /* Main.storyboard */ = {isa = PBXFileReference; fileEncoding = 4; lastKnownFileType = file.storyboard; path = Main.storyboard; sourceTree = "<group>"; };
		6BDA37941DCF3BE30048BE82 /* MainViewController.swift */ = {isa = PBXFileReference; fileEncoding = 4; lastKnownFileType = sourcecode.swift; path = MainViewController.swift; sourceTree = "<group>"; };
		6BDA37971DCF3BF20048BE82 /* Home.storyboard */ = {isa = PBXFileReference; fileEncoding = 4; lastKnownFileType = file.storyboard; path = Home.storyboard; sourceTree = "<group>"; };
		6BDA37991DCF3BFA0048BE82 /* Live.storyboard */ = {isa = PBXFileReference; fileEncoding = 4; lastKnownFileType = file.storyboard; path = Live.storyboard; sourceTree = "<group>"; };
		6BDA379B1DCF3C020048BE82 /* Follow.storyboard */ = {isa = PBXFileReference; fileEncoding = 4; lastKnownFileType = file.storyboard; path = Follow.storyboard; sourceTree = "<group>"; };
		6BDA379D1DCF3C0A0048BE82 /* My.storyboard */ = {isa = PBXFileReference; fileEncoding = 4; lastKnownFileType = file.storyboard; path = My.storyboard; sourceTree = "<group>"; };
		6BDA379F1DCF3D480048BE82 /* HomeViewController.swift */ = {isa = PBXFileReference; fileEncoding = 4; lastKnownFileType = sourcecode.swift; path = HomeViewController.swift; sourceTree = "<group>"; };
		6BDA37A21DCF43350048BE82 /* UIBarButtonItem+Extension.swift */ = {isa = PBXFileReference; fileEncoding = 4; lastKnownFileType = sourcecode.swift; path = "UIBarButtonItem+Extension.swift"; sourceTree = "<group>"; };
		6BDA37A41DCF58A50048BE82 /* PageTitleView.swift */ = {isa = PBXFileReference; fileEncoding = 4; lastKnownFileType = sourcecode.swift; path = PageTitleView.swift; sourceTree = "<group>"; };
		6BDA37A61DCF5AA00048BE82 /* Common.swift */ = {isa = PBXFileReference; fileEncoding = 4; lastKnownFileType = sourcecode.swift; path = Common.swift; sourceTree = "<group>"; };
/* End PBXFileReference section */

/* Begin PBXFrameworksBuildPhase section */
		6B8B50101DCE2DC60005E162 /* Frameworks */ = {
			isa = PBXFrameworksBuildPhase;
			buildActionMask = 2147483647;
			files = (
			);
			runOnlyForDeploymentPostprocessing = 0;
		};
		6B8B50241DCE2DC60005E162 /* Frameworks */ = {
			isa = PBXFrameworksBuildPhase;
			buildActionMask = 2147483647;
			files = (
			);
			runOnlyForDeploymentPostprocessing = 0;
		};
		6B8B502F1DCE2DC60005E162 /* Frameworks */ = {
			isa = PBXFrameworksBuildPhase;
			buildActionMask = 2147483647;
			files = (
			);
			runOnlyForDeploymentPostprocessing = 0;
		};
/* End PBXFrameworksBuildPhase section */

/* Begin PBXGroup section */
		6B8B500A1DCE2DC60005E162 = {
			isa = PBXGroup;
			children = (
				6B8B50151DCE2DC60005E162 /* DouYuZB */,
				6B8B502A1DCE2DC60005E162 /* DouYuZBTests */,
				6B8B50351DCE2DC60005E162 /* DouYuZBUITests */,
				6B8B50141DCE2DC60005E162 /* Products */,
			);
			sourceTree = "<group>";
		};
		6B8B50141DCE2DC60005E162 /* Products */ = {
			isa = PBXGroup;
			children = (
				6B8B50131DCE2DC60005E162 /* DouYuZB.app */,
				6B8B50271DCE2DC60005E162 /* DouYuZBTests.xctest */,
				6B8B50321DCE2DC60005E162 /* DouYuZBUITests.xctest */,
			);
			name = Products;
			sourceTree = "<group>";
		};
		6B8B50151DCE2DC60005E162 /* DouYuZB */ = {
			isa = PBXGroup;
			children = (
				6BDA376F1DCEDA8D0048BE82 /* Classes */,
				6B8B50161DCE2DC60005E162 /* AppDelegate.swift */,
				6B8B501D1DCE2DC60005E162 /* Assets.xcassets */,
				6B8B501F1DCE2DC60005E162 /* LaunchScreen.storyboard */,
				6B8B50221DCE2DC60005E162 /* Info.plist */,
			);
			path = DouYuZB;
			sourceTree = "<group>";
		};
		6B8B502A1DCE2DC60005E162 /* DouYuZBTests */ = {
			isa = PBXGroup;
			children = (
				6B8B502B1DCE2DC60005E162 /* DouYuZBTests.swift */,
				6B8B502D1DCE2DC60005E162 /* Info.plist */,
			);
			path = DouYuZBTests;
			sourceTree = "<group>";
		};
		6B8B50351DCE2DC60005E162 /* DouYuZBUITests */ = {
			isa = PBXGroup;
			children = (
				6B8B50361DCE2DC60005E162 /* DouYuZBUITests.swift */,
				6B8B50381DCE2DC60005E162 /* Info.plist */,
			);
			path = DouYuZBUITests;
			sourceTree = "<group>";
		};
		6BDA376F1DCEDA8D0048BE82 /* Classes */ = {
			isa = PBXGroup;
			children = (
				6BDA37731DCEDA8D0048BE82 /* Main */,
				6BDA37711DCEDA8D0048BE82 /* Home */,
				6BDA37721DCEDA8D0048BE82 /* Live */,
				6BDA37701DCEDA8D0048BE82 /* Follow */,
				6BDA37741DCEDA8D0048BE82 /* Profile */,
				6BDA37751DCEDA8D0048BE82 /* Tools */,
			);
			path = Classes;
			sourceTree = "<group>";
		};
		6BDA37701DCEDA8D0048BE82 /* Follow */ = {
			isa = PBXGroup;
			children = (
				6BDA378A1DCF3AED0048BE82 /* Controller */,
				6BDA378B1DCF3AED0048BE82 /* Model */,
				6BDA378C1DCF3AED0048BE82 /* View */,
			);
			path = Follow;
			sourceTree = "<group>";
		};
		6BDA37711DCEDA8D0048BE82 /* Home */ = {
			isa = PBXGroup;
			children = (
				6BDA37841DCF3AD70048BE82 /* Controller */,
				6BDA37851DCF3AD70048BE82 /* Model */,
				6BDA37861DCF3AD70048BE82 /* View */,
			);
			path = Home;
			sourceTree = "<group>";
		};
		6BDA37721DCEDA8D0048BE82 /* Live */ = {
			isa = PBXGroup;
			children = (
				6BDA37871DCF3AE60048BE82 /* Controller */,
				6BDA37881DCF3AE60048BE82 /* Model */,
				6BDA37891DCF3AE60048BE82 /* View */,
			);
			path = Live;
			sourceTree = "<group>";
		};
		6BDA37731DCEDA8D0048BE82 /* Main */ = {
			isa = PBXGroup;
			children = (
				6BDA37901DCF3B450048BE82 /* Controller */,
				6BDA37911DCF3B450048BE82 /* Model */,
				6BDA37921DCF3B450048BE82 /* View */,
			);
			path = Main;
			sourceTree = "<group>";
		};
		6BDA37741DCEDA8D0048BE82 /* Profile */ = {
			isa = PBXGroup;
			children = (
				6BDA378D1DCF3AF40048BE82 /* Controller */,
				6BDA378E1DCF3AF40048BE82 /* Model */,
				6BDA378F1DCF3AF40048BE82 /* View */,
			);
			path = Profile;
			sourceTree = "<group>";
		};
		6BDA37751DCEDA8D0048BE82 /* Tools */ = {
			isa = PBXGroup;
			children = (
				6BDA37A11DCF42CC0048BE82 /* Extensions */,
				6BDA37A61DCF5AA00048BE82 /* Common.swift */,
			);
			path = Tools;
			sourceTree = "<group>";
		};
		6BDA37841DCF3AD70048BE82 /* Controller */ = {
			isa = PBXGroup;
			children = (
				6BDA37971DCF3BF20048BE82 /* Home.storyboard */,
				6BDA379F1DCF3D480048BE82 /* HomeViewController.swift */,
			);
			path = Controller;
			sourceTree = "<group>";
		};
		6BDA37851DCF3AD70048BE82 /* Model */ = {
			isa = PBXGroup;
			children = (
			);
			path = Model;
			sourceTree = "<group>";
		};
		6BDA37861DCF3AD70048BE82 /* View */ = {
			isa = PBXGroup;
			children = (
			);
			path = View;
			sourceTree = "<group>";
		};
		6BDA37871DCF3AE60048BE82 /* Controller */ = {
			isa = PBXGroup;
			children = (
				6BDA37991DCF3BFA0048BE82 /* Live.storyboard */,
			);
			path = Controller;
			sourceTree = "<group>";
		};
		6BDA37881DCF3AE60048BE82 /* Model */ = {
			isa = PBXGroup;
			children = (
			);
			path = Model;
			sourceTree = "<group>";
		};
		6BDA37891DCF3AE60048BE82 /* View */ = {
			isa = PBXGroup;
			children = (
			);
			path = View;
			sourceTree = "<group>";
		};
		6BDA378A1DCF3AED0048BE82 /* Controller */ = {
			isa = PBXGroup;
			children = (
				6BDA379B1DCF3C020048BE82 /* Follow.storyboard */,
			);
			path = Controller;
			sourceTree = "<group>";
		};
		6BDA378B1DCF3AED0048BE82 /* Model */ = {
			isa = PBXGroup;
			children = (
			);
			path = Model;
			sourceTree = "<group>";
		};
		6BDA378C1DCF3AED0048BE82 /* View */ = {
			isa = PBXGroup;
			children = (
			);
			path = View;
			sourceTree = "<group>";
		};
		6BDA378D1DCF3AF40048BE82 /* Controller */ = {
			isa = PBXGroup;
			children = (
				6BDA379D1DCF3C0A0048BE82 /* My.storyboard */,
			);
			path = Controller;
			sourceTree = "<group>";
		};
		6BDA378E1DCF3AF40048BE82 /* Model */ = {
			isa = PBXGroup;
			children = (
			);
			path = Model;
			sourceTree = "<group>";
		};
		6BDA378F1DCF3AF40048BE82 /* View */ = {
			isa = PBXGroup;
			children = (
			);
			path = View;
			sourceTree = "<group>";
		};
		6BDA37901DCF3B450048BE82 /* Controller */ = {
			isa = PBXGroup;
			children = (
				6BDA37931DCF3BE30048BE82 /* Main.storyboard */,
				6BDA37941DCF3BE30048BE82 /* MainViewController.swift */,
			);
			path = Controller;
			sourceTree = "<group>";
		};
		6BDA37911DCF3B450048BE82 /* Model */ = {
			isa = PBXGroup;
			children = (
			);
			path = Model;
			sourceTree = "<group>";
		};
		6BDA37921DCF3B450048BE82 /* View */ = {
			isa = PBXGroup;
			children = (
				6BDA37A41DCF58A50048BE82 /* PageTitleView.swift */,
			);
			path = View;
			sourceTree = "<group>";
		};
		6BDA37A11DCF42CC0048BE82 /* Extensions */ = {
			isa = PBXGroup;
			children = (
				6BDA37A21DCF43350048BE82 /* UIBarButtonItem+Extension.swift */,
			);
			path = Extensions;
			sourceTree = "<group>";
		};
/* End PBXGroup section */

/* Begin PBXNativeTarget section */
		6B8B50121DCE2DC60005E162 /* DouYuZB */ = {
			isa = PBXNativeTarget;
			buildConfigurationList = 6B8B503B1DCE2DC60005E162 /* Build configuration list for PBXNativeTarget "DouYuZB" */;
			buildPhases = (
				6B8B500F1DCE2DC60005E162 /* Sources */,
				6B8B50101DCE2DC60005E162 /* Frameworks */,
				6B8B50111DCE2DC60005E162 /* Resources */,
			);
			buildRules = (
			);
			dependencies = (
			);
			name = DouYuZB;
			productName = DouYuZB;
			productReference = 6B8B50131DCE2DC60005E162 /* DouYuZB.app */;
			productType = "com.apple.product-type.application";
		};
		6B8B50261DCE2DC60005E162 /* DouYuZBTests */ = {
			isa = PBXNativeTarget;
			buildConfigurationList = 6B8B503E1DCE2DC60005E162 /* Build configuration list for PBXNativeTarget "DouYuZBTests" */;
			buildPhases = (
				6B8B50231DCE2DC60005E162 /* Sources */,
				6B8B50241DCE2DC60005E162 /* Frameworks */,
				6B8B50251DCE2DC60005E162 /* Resources */,
			);
			buildRules = (
			);
			dependencies = (
				6B8B50291DCE2DC60005E162 /* PBXTargetDependency */,
			);
			name = DouYuZBTests;
			productName = DouYuZBTests;
			productReference = 6B8B50271DCE2DC60005E162 /* DouYuZBTests.xctest */;
			productType = "com.apple.product-type.bundle.unit-test";
		};
		6B8B50311DCE2DC60005E162 /* DouYuZBUITests */ = {
			isa = PBXNativeTarget;
			buildConfigurationList = 6B8B50411DCE2DC60005E162 /* Build configuration list for PBXNativeTarget "DouYuZBUITests" */;
			buildPhases = (
				6B8B502E1DCE2DC60005E162 /* Sources */,
				6B8B502F1DCE2DC60005E162 /* Frameworks */,
				6B8B50301DCE2DC60005E162 /* Resources */,
			);
			buildRules = (
			);
			dependencies = (
				6B8B50341DCE2DC60005E162 /* PBXTargetDependency */,
			);
			name = DouYuZBUITests;
			productName = DouYuZBUITests;
			productReference = 6B8B50321DCE2DC60005E162 /* DouYuZBUITests.xctest */;
			productType = "com.apple.product-type.bundle.ui-testing";
		};
/* End PBXNativeTarget section */

/* Begin PBXProject section */
		6B8B500B1DCE2DC60005E162 /* Project object */ = {
			isa = PBXProject;
			attributes = {
				LastSwiftUpdateCheck = 0710;
				LastUpgradeCheck = 0710;
				ORGANIZATIONNAME = HuMeng;
				TargetAttributes = {
					6B8B50121DCE2DC60005E162 = {
						CreatedOnToolsVersion = 7.1;
						DevelopmentTeam = 75AXUYD58X;
						LastSwiftMigration = 0810;
					};
					6B8B50261DCE2DC60005E162 = {
						CreatedOnToolsVersion = 7.1;
						DevelopmentTeam = 75AXUYD58X;
						LastSwiftMigration = 0810;
						TestTargetID = 6B8B50121DCE2DC60005E162;
					};
					6B8B50311DCE2DC60005E162 = {
						CreatedOnToolsVersion = 7.1;
						DevelopmentTeam = 75AXUYD58X;
						LastSwiftMigration = 0810;
						TestTargetID = 6B8B50121DCE2DC60005E162;
					};
				};
			};
			buildConfigurationList = 6B8B500E1DCE2DC60005E162 /* Build configuration list for PBXProject "DouYuZB" */;
			compatibilityVersion = "Xcode 3.2";
			developmentRegion = English;
			hasScannedForEncodings = 0;
			knownRegions = (
				en,
				Base,
			);
			mainGroup = 6B8B500A1DCE2DC60005E162;
			productRefGroup = 6B8B50141DCE2DC60005E162 /* Products */;
			projectDirPath = "";
			projectRoot = "";
			targets = (
				6B8B50121DCE2DC60005E162 /* DouYuZB */,
				6B8B50261DCE2DC60005E162 /* DouYuZBTests */,
				6B8B50311DCE2DC60005E162 /* DouYuZBUITests */,
			);
		};
/* End PBXProject section */

/* Begin PBXResourcesBuildPhase section */
		6B8B50111DCE2DC60005E162 /* Resources */ = {
			isa = PBXResourcesBuildPhase;
			buildActionMask = 2147483647;
			files = (
				6B8B50211DCE2DC60005E162 /* LaunchScreen.storyboard in Resources */,
				6B8B501E1DCE2DC60005E162 /* Assets.xcassets in Resources */,
				6BDA379A1DCF3BFA0048BE82 /* Live.storyboard in Resources */,
				6BDA37951DCF3BE30048BE82 /* Main.storyboard in Resources */,
				6BDA379C1DCF3C030048BE82 /* Follow.storyboard in Resources */,
				6BDA379E1DCF3C0A0048BE82 /* My.storyboard in Resources */,
				6BDA37981DCF3BF20048BE82 /* Home.storyboard in Resources */,
			);
			runOnlyForDeploymentPostprocessing = 0;
		};
		6B8B50251DCE2DC60005E162 /* Resources */ = {
			isa = PBXResourcesBuildPhase;
			buildActionMask = 2147483647;
			files = (
			);
			runOnlyForDeploymentPostprocessing = 0;
		};
		6B8B50301DCE2DC60005E162 /* Resources */ = {
			isa = PBXResourcesBuildPhase;
			buildActionMask = 2147483647;
			files = (
			);
			runOnlyForDeploymentPostprocessing = 0;
		};
/* End PBXResourcesBuildPhase section */

/* Begin PBXSourcesBuildPhase section */
		6B8B500F1DCE2DC60005E162 /* Sources */ = {
			isa = PBXSourcesBuildPhase;
			buildActionMask = 2147483647;
			files = (
				6BDA37A31DCF43350048BE82 /* UIBarButtonItem+Extension.swift in Sources */,
				6BDA37961DCF3BE30048BE82 /* MainViewController.swift in Sources */,
				6BDA37A51DCF58A50048BE82 /* PageTitleView.swift in Sources */,
				6B8B50171DCE2DC60005E162 /* AppDelegate.swift in Sources */,
				6BDA37A71DCF5AA00048BE82 /* Common.swift in Sources */,
				6BDA37A01DCF3D480048BE82 /* HomeViewController.swift in Sources */,
			);
			runOnlyForDeploymentPostprocessing = 0;
		};
		6B8B50231DCE2DC60005E162 /* Sources */ = {
			isa = PBXSourcesBuildPhase;
			buildActionMask = 2147483647;
			files = (
				6B8B502C1DCE2DC60005E162 /* DouYuZBTests.swift in Sources */,
			);
			runOnlyForDeploymentPostprocessing = 0;
		};
		6B8B502E1DCE2DC60005E162 /* Sources */ = {
			isa = PBXSourcesBuildPhase;
			buildActionMask = 2147483647;
			files = (
				6B8B50371DCE2DC60005E162 /* DouYuZBUITests.swift in Sources */,
			);
			runOnlyForDeploymentPostprocessing = 0;
		};
/* End PBXSourcesBuildPhase section */

/* Begin PBXTargetDependency section */
		6B8B50291DCE2DC60005E162 /* PBXTargetDependency */ = {
			isa = PBXTargetDependency;
			target = 6B8B50121DCE2DC60005E162 /* DouYuZB */;
			targetProxy = 6B8B50281DCE2DC60005E162 /* PBXContainerItemProxy */;
		};
		6B8B50341DCE2DC60005E162 /* PBXTargetDependency */ = {
			isa = PBXTargetDependency;
			target = 6B8B50121DCE2DC60005E162 /* DouYuZB */;
			targetProxy = 6B8B50331DCE2DC60005E162 /* PBXContainerItemProxy */;
		};
/* End PBXTargetDependency section */

/* Begin PBXVariantGroup section */
		6B8B501F1DCE2DC60005E162 /* LaunchScreen.storyboard */ = {
			isa = PBXVariantGroup;
			children = (
				6B8B50201DCE2DC60005E162 /* Base */,
			);
			name = LaunchScreen.storyboard;
			sourceTree = "<group>";
		};
/* End PBXVariantGroup section */

/* Begin XCBuildConfiguration section */
		6B8B50391DCE2DC60005E162 /* Debug */ = {
			isa = XCBuildConfiguration;
			buildSettings = {
				ALWAYS_SEARCH_USER_PATHS = NO;
				CLANG_CXX_LANGUAGE_STANDARD = "gnu++0x";
				CLANG_CXX_LIBRARY = "libc++";
				CLANG_ENABLE_MODULES = YES;
				CLANG_ENABLE_OBJC_ARC = YES;
				CLANG_WARN_BOOL_CONVERSION = YES;
				CLANG_WARN_CONSTANT_CONVERSION = YES;
				CLANG_WARN_DIRECT_OBJC_ISA_USAGE = YES_ERROR;
				CLANG_WARN_EMPTY_BODY = YES;
				CLANG_WARN_ENUM_CONVERSION = YES;
				CLANG_WARN_INT_CONVERSION = YES;
				CLANG_WARN_OBJC_ROOT_CLASS = YES_ERROR;
				CLANG_WARN_UNREACHABLE_CODE = YES;
				CLANG_WARN__DUPLICATE_METHOD_MATCH = YES;
				"CODE_SIGN_IDENTITY[sdk=iphoneos*]" = "iPhone Developer";
				COPY_PHASE_STRIP = NO;
				DEBUG_INFORMATION_FORMAT = dwarf;
				ENABLE_STRICT_OBJC_MSGSEND = YES;
				ENABLE_TESTABILITY = YES;
				GCC_C_LANGUAGE_STANDARD = gnu99;
				GCC_DYNAMIC_NO_PIC = NO;
				GCC_NO_COMMON_BLOCKS = YES;
				GCC_OPTIMIZATION_LEVEL = 0;
				GCC_PREPROCESSOR_DEFINITIONS = (
					"DEBUG=1",
					"$(inherited)",
				);
				GCC_WARN_64_TO_32_BIT_CONVERSION = YES;
				GCC_WARN_ABOUT_RETURN_TYPE = YES_ERROR;
				GCC_WARN_UNDECLARED_SELECTOR = YES;
				GCC_WARN_UNINITIALIZED_AUTOS = YES_AGGRESSIVE;
				GCC_WARN_UNUSED_FUNCTION = YES;
				GCC_WARN_UNUSED_VARIABLE = YES;
				IPHONEOS_DEPLOYMENT_TARGET = 9.1;
				MTL_ENABLE_DEBUG_INFO = YES;
				ONLY_ACTIVE_ARCH = YES;
				SDKROOT = iphoneos;
				SWIFT_OPTIMIZATION_LEVEL = "-Onone";
				TARGETED_DEVICE_FAMILY = "1,2";
			};
			name = Debug;
		};
		6B8B503A1DCE2DC60005E162 /* Release */ = {
			isa = XCBuildConfiguration;
			buildSettings = {
				ALWAYS_SEARCH_USER_PATHS = NO;
				CLANG_CXX_LANGUAGE_STANDARD = "gnu++0x";
				CLANG_CXX_LIBRARY = "libc++";
				CLANG_ENABLE_MODULES = YES;
				CLANG_ENABLE_OBJC_ARC = YES;
				CLANG_WARN_BOOL_CONVERSION = YES;
				CLANG_WARN_CONSTANT_CONVERSION = YES;
				CLANG_WARN_DIRECT_OBJC_ISA_USAGE = YES_ERROR;
				CLANG_WARN_EMPTY_BODY = YES;
				CLANG_WARN_ENUM_CONVERSION = YES;
				CLANG_WARN_INT_CONVERSION = YES;
				CLANG_WARN_OBJC_ROOT_CLASS = YES_ERROR;
				CLANG_WARN_UNREACHABLE_CODE = YES;
				CLANG_WARN__DUPLICATE_METHOD_MATCH = YES;
				"CODE_SIGN_IDENTITY[sdk=iphoneos*]" = "iPhone Developer";
				COPY_PHASE_STRIP = NO;
				DEBUG_INFORMATION_FORMAT = "dwarf-with-dsym";
				ENABLE_NS_ASSERTIONS = NO;
				ENABLE_STRICT_OBJC_MSGSEND = YES;
				GCC_C_LANGUAGE_STANDARD = gnu99;
				GCC_NO_COMMON_BLOCKS = YES;
				GCC_WARN_64_TO_32_BIT_CONVERSION = YES;
				GCC_WARN_ABOUT_RETURN_TYPE = YES_ERROR;
				GCC_WARN_UNDECLARED_SELECTOR = YES;
				GCC_WARN_UNINITIALIZED_AUTOS = YES_AGGRESSIVE;
				GCC_WARN_UNUSED_FUNCTION = YES;
				GCC_WARN_UNUSED_VARIABLE = YES;
				IPHONEOS_DEPLOYMENT_TARGET = 9.1;
				MTL_ENABLE_DEBUG_INFO = NO;
				SDKROOT = iphoneos;
				TARGETED_DEVICE_FAMILY = "1,2";
				VALIDATE_PRODUCT = YES;
			};
			name = Release;
		};
		6B8B503C1DCE2DC60005E162 /* Debug */ = {
			isa = XCBuildConfiguration;
			buildSettings = {
				ASSETCATALOG_COMPILER_APPICON_NAME = AppIcon;
				ASSETCATALOG_COMPILER_LAUNCHIMAGE_NAME = "Brand Assets";
				INFOPLIST_FILE = DouYuZB/Info.plist;
				IPHONEOS_DEPLOYMENT_TARGET = 8.0;
				LD_RUNPATH_SEARCH_PATHS = "$(inherited) @executable_path/Frameworks";
				PRODUCT_BUNDLE_IDENTIFIER = HM.DouYuZB;
				PRODUCT_NAME = "$(TARGET_NAME)";
				SWIFT_VERSION = 3.0;
			};
			name = Debug;
		};
		6B8B503D1DCE2DC60005E162 /* Release */ = {
			isa = XCBuildConfiguration;
			buildSettings = {
				ASSETCATALOG_COMPILER_APPICON_NAME = AppIcon;
				ASSETCATALOG_COMPILER_LAUNCHIMAGE_NAME = "Brand Assets";
				INFOPLIST_FILE = DouYuZB/Info.plist;
				IPHONEOS_DEPLOYMENT_TARGET = 8.0;
				LD_RUNPATH_SEARCH_PATHS = "$(inherited) @executable_path/Frameworks";
				PRODUCT_BUNDLE_IDENTIFIER = HM.DouYuZB;
				PRODUCT_NAME = "$(TARGET_NAME)";
				SWIFT_VERSION = 3.0;
			};
			name = Release;
		};
		6B8B503F1DCE2DC60005E162 /* Debug */ = {
			isa = XCBuildConfiguration;
			buildSettings = {
				BUNDLE_LOADER = "$(TEST_HOST)";
				INFOPLIST_FILE = DouYuZBTests/Info.plist;
				LD_RUNPATH_SEARCH_PATHS = "$(inherited) @executable_path/Frameworks @loader_path/Frameworks";
				PRODUCT_BUNDLE_IDENTIFIER = HM.DouYuZBTests;
				PRODUCT_NAME = "$(TARGET_NAME)";
				SWIFT_VERSION = 3.0;
				TEST_HOST = "$(BUILT_PRODUCTS_DIR)/DouYuZB.app/DouYuZB";
			};
			name = Debug;
		};
		6B8B50401DCE2DC60005E162 /* Release */ = {
			isa = XCBuildConfiguration;
			buildSettings = {
				BUNDLE_LOADER = "$(TEST_HOST)";
				INFOPLIST_FILE = DouYuZBTests/Info.plist;
				LD_RUNPATH_SEARCH_PATHS = "$(inherited) @executable_path/Frameworks @loader_path/Frameworks";
				PRODUCT_BUNDLE_IDENTIFIER = HM.DouYuZBTests;
				PRODUCT_NAME = "$(TARGET_NAME)";
				SWIFT_VERSION = 3.0;
				TEST_HOST = "$(BUILT_PRODUCTS_DIR)/DouYuZB.app/DouYuZB";
			};
			name = Release;
		};
		6B8B50421DCE2DC60005E162 /* Debug */ = {
			isa = XCBuildConfiguration;
			buildSettings = {
				INFOPLIST_FILE = DouYuZBUITests/Info.plist;
				LD_RUNPATH_SEARCH_PATHS = "$(inherited) @executable_path/Frameworks @loader_path/Frameworks";
				PRODUCT_BUNDLE_IDENTIFIER = HM.DouYuZBUITests;
				PRODUCT_NAME = "$(TARGET_NAME)";
				SWIFT_VERSION = 3.0;
				TEST_TARGET_NAME = DouYuZB;
				USES_XCTRUNNER = YES;
			};
			name = Debug;
		};
		6B8B50431DCE2DC60005E162 /* Release */ = {
			isa = XCBuildConfiguration;
			buildSettings = {
				INFOPLIST_FILE = DouYuZBUITests/Info.plist;
				LD_RUNPATH_SEARCH_PATHS = "$(inherited) @executable_path/Frameworks @loader_path/Frameworks";
				PRODUCT_BUNDLE_IDENTIFIER = HM.DouYuZBUITests;
				PRODUCT_NAME = "$(TARGET_NAME)";
				SWIFT_VERSION = 3.0;
				TEST_TARGET_NAME = DouYuZB;
				USES_XCTRUNNER = YES;
			};
			name = Release;
		};
/* End XCBuildConfiguration section */

/* Begin XCConfigurationList section */
		6B8B500E1DCE2DC60005E162 /* Build configuration list for PBXProject "DouYuZB" */ = {
			isa = XCConfigurationList;
			buildConfigurations = (
				6B8B50391DCE2DC60005E162 /* Debug */,
				6B8B503A1DCE2DC60005E162 /* Release */,
			);
			defaultConfigurationIsVisible = 0;
			defaultConfigurationName = Release;
		};
		6B8B503B1DCE2DC60005E162 /* Build configuration list for PBXNativeTarget "DouYuZB" */ = {
			isa = XCConfigurationList;
			buildConfigurations = (
				6B8B503C1DCE2DC60005E162 /* Debug */,
				6B8B503D1DCE2DC60005E162 /* Release */,
			);
			defaultConfigurationIsVisible = 0;
			defaultConfigurationName = Release;
		};
		6B8B503E1DCE2DC60005E162 /* Build configuration list for PBXNativeTarget "DouYuZBTests" */ = {
			isa = XCConfigurationList;
			buildConfigurations = (
				6B8B503F1DCE2DC60005E162 /* Debug */,
				6B8B50401DCE2DC60005E162 /* Release */,
			);
			defaultConfigurationIsVisible = 0;
			defaultConfigurationName = Release;
		};
		6B8B50411DCE2DC60005E162 /* Build configuration list for PBXNativeTarget "DouYuZBUITests" */ = {
			isa = XCConfigurationList;
			buildConfigurations = (
				6B8B50421DCE2DC60005E162 /* Debug */,
				6B8B50431DCE2DC60005E162 /* Release */,
			);
			defaultConfigurationIsVisible = 0;
			defaultConfigurationName = Release;
		};
/* End XCConfigurationList section */
	};
	rootObject = 6B8B500B1DCE2DC60005E162 /* Project object */;
}
